
Microsoft Visual Studio Solution File, Format Version 12.00
# Visual Studio Version 17
VisualStudioVersion = 17.0.31903.59
MinimumVisualStudioVersion = 10.0.40219.1
Project("{FAE04EC0-301F-11D3-BF4B-00C04F79EFBC}") = "Cats.BusinessObjects", "Cats.BusinessObjects\Cats.BusinessObjects.csproj", "{EEDAE1A7-DE4D-4461-80D6-24031E26C062}"
EndProject
Project("{FAE04EC0-301F-11D3-BF4B-00C04F79EFBC}") = "Cats.Model", "Cats.Model\Cats.Model.csproj", "{50A3C746-D318-4C34-B673-4AD65011E7B4}"
EndProject
Project("{FAE04EC0-301F-11D3-BF4B-00C04F79EFBC}") = "Cats.ViewModels", "Cats.ViewModels\Cats.ViewModels.csproj", "{789E49A2-EAD4-47DB-9F0F-8194447C8C5C}"
EndProject
Project("{FAE04EC0-301F-11D3-BF4B-00C04F79EFBC}") = "Cats.Console.Views", "Cats.Console.Views\Cats.Console.Views.csproj", "{0219ED89-209A-41F3-AECE-16EA117BC1C3}"
EndProject
Project("{FAE04EC0-301F-11D3-BF4B-00C04F79EFBC}") = "Cats.ConsoleClient", "Cats.ConsoleClient\Cats.ConsoleClient.csproj", "{E4425849-674B-4393-B853-4D19CA4597B6}"
EndProject
Project("{FAE04EC0-301F-11D3-BF4B-00C04F79EFBC}") = "Cats.IoC", "Cats.IoC\Cats.IoC.csproj", "{AB7C3C95-6006-4EA3-B734-1F931CD9C686}"
EndProject
Project("{FAE04EC0-301F-11D3-BF4B-00C04F79EFBC}") = "SimpleDependencyInjection", "SimpleDependencyInjection\SimpleDependencyInjection.csproj", "{94D18631-0EBE-4E34-A5B9-D32FBDA9D71C}"
EndProject
Global
	GlobalSection(SolutionConfigurationPlatforms) = preSolution
		Debug|Any CPU = Debug|Any CPU
		Release|Any CPU = Release|Any CPU
	EndGlobalSection
	GlobalSection(SolutionProperties) = preSolution
		HideSolutionNode = FALSE
	EndGlobalSection
	GlobalSection(ProjectConfigurationPlatforms) = postSolution
		{EEDAE1A7-DE4D-4461-80D6-24031E26C062}.Debug|Any CPU.ActiveCfg = Debug|Any CPU
		{EEDAE1A7-DE4D-4461-80D6-24031E26C062}.Debug|Any CPU.Build.0 = Debug|Any CPU
		{EEDAE1A7-DE4D-4461-80D6-24031E26C062}.Release|Any CPU.ActiveCfg = Release|Any CPU
		{EEDAE1A7-DE4D-4461-80D6-24031E26C062}.Release|Any CPU.Build.0 = Release|Any CPU
		{50A3C746-D318-4C34-B673-4AD65011E7B4}.Debug|Any CPU.ActiveCfg = Debug|Any CPU
		{50A3C746-D318-4C34-B673-4AD65011E7B4}.Debug|Any CPU.Build.0 = Debug|Any CPU
		{50A3C746-D318-4C34-B673-4AD65011E7B4}.Release|Any CPU.ActiveCfg = Release|Any CPU
		{50A3C746-D318-4C34-B673-4AD65011E7B4}.Release|Any CPU.Build.0 = Release|Any CPU
		{789E49A2-EAD4-47DB-9F0F-8194447C8C5C}.Debug|Any CPU.ActiveCfg = Debug|Any CPU
		{789E49A2-EAD4-47DB-9F0F-8194447C8C5C}.Debug|Any CPU.Build.0 = Debug|Any CPU
		{789E49A2-EAD4-47DB-9F0F-8194447C8C5C}.Release|Any CPU.ActiveCfg = Release|Any CPU
		{789E49A2-EAD4-47DB-9F0F-8194447C8C5C}.Release|Any CPU.Build.0 = Release|Any CPU
		{0219ED89-209A-41F3-AECE-16EA117BC1C3}.Debug|Any CPU.ActiveCfg = Debug|Any CPU
		{0219ED89-209A-41F3-AECE-16EA117BC1C3}.Debug|Any CPU.Build.0 = Debug|Any CPU
		{0219ED89-209A-41F3-AECE-16EA117BC1C3}.Release|Any CPU.ActiveCfg = Release|Any CPU
		{0219ED89-209A-41F3-AECE-16EA117BC1C3}.Release|Any CPU.Build.0 = Release|Any CPU
		{E4425849-674B-4393-B853-4D19CA4597B6}.Debug|Any CPU.ActiveCfg = Debug|Any CPU
		{E4425849-674B-4393-B853-4D19CA4597B6}.Debug|Any CPU.Build.0 = Debug|Any CPU
		{E4425849-674B-4393-B853-4D19CA4597B6}.Release|Any CPU.ActiveCfg = Release|Any CPU
		{E4425849-674B-4393-B853-4D19CA4597B6}.Release|Any CPU.Build.0 = Release|Any CPU
		{AB7C3C95-6006-4EA3-B734-1F931CD9C686}.Debug|Any CPU.ActiveCfg = Debug|Any CPU
		{AB7C3C95-6006-4EA3-B734-1F931CD9C686}.Debug|Any CPU.Build.0 = Debug|Any CPU
		{AB7C3C95-6006-4EA3-B734-1F931CD9C686}.Release|Any CPU.ActiveCfg = Release|Any CPU
		{AB7C3C95-6006-4EA3-B734-1F931CD9C686}.Release|Any CPU.Build.0 = Release|Any CPU
		{94D18631-0EBE-4E34-A5B9-D32FBDA9D71C}.Debug|Any CPU.ActiveCfg = Debug|Any CPU
		{94D18631-0EBE-4E34-A5B9-D32FBDA9D71C}.Debug|Any CPU.Build.0 = Debug|Any CPU
		{94D18631-0EBE-4E34-A5B9-D32FBDA9D71C}.Release|Any CPU.ActiveCfg = Release|Any CPU
		{94D18631-0EBE-4E34-A5B9-D32FBDA9D71C}.Release|Any CPU.Build.0 = Release|Any CPU
	EndGlobalSection
EndGlobal
